// !$*UTF8*$!
{
	archiveVersion = 1;
	classes = {
	};
	objectVersion = 50;
	objects = {

/* Begin PBXBuildFile section */
		FD7935F623FF815500F7910C /* EditViewController.swift in Sources */ = {isa = PBXBuildFile; fileRef = FD7935F523FF815500F7910C /* EditViewController.swift */; };
		FDE188FE23FA628B0039176E /* AppDelegate.swift in Sources */ = {isa = PBXBuildFile; fileRef = FDE188FD23FA628B0039176E /* AppDelegate.swift */; };
		FDE1890023FA628B0039176E /* SceneDelegate.swift in Sources */ = {isa = PBXBuildFile; fileRef = FDE188FF23FA628B0039176E /* SceneDelegate.swift */; };
		FDE1890223FA628B0039176E /* ViewController.swift in Sources */ = {isa = PBXBuildFile; fileRef = FDE1890123FA628B0039176E /* ViewController.swift */; };
		FDE1890523FA628B0039176E /* Main.storyboard in Resources */ = {isa = PBXBuildFile; fileRef = FDE1890323FA628B0039176E /* Main.storyboard */; };
		FDE1890723FA628C0039176E /* Assets.xcassets in Resources */ = {isa = PBXBuildFile; fileRef = FDE1890623FA628C0039176E /* Assets.xcassets */; };
		FDE1890A23FA628C0039176E /* LaunchScreen.storyboard in Resources */ = {isa = PBXBuildFile; fileRef = FDE1890823FA628C0039176E /* LaunchScreen.storyboard */; };
		FDE1891523FA628C0039176E /* ToDoListTests.swift in Sources */ = {isa = PBXBuildFile; fileRef = FDE1891423FA628C0039176E /* ToDoListTests.swift */; };
		FDE1892023FA628C0039176E /* ToDoListUITests.swift in Sources */ = {isa = PBXBuildFile; fileRef = FDE1891F23FA628C0039176E /* ToDoListUITests.swift */; };
		FDE1892E23FA630C0039176E /* ToDoAddViewController.swift in Sources */ = {isa = PBXBuildFile; fileRef = FDE1892D23FA630C0039176E /* ToDoAddViewController.swift */; };
/* End PBXBuildFile section */

/* Begin PBXContainerItemProxy section */
		FDE1891123FA628C0039176E /* PBXContainerItemProxy */ = {
			isa = PBXContainerItemProxy;
			containerPortal = FDE188F223FA628B0039176E /* Project object */;
			proxyType = 1;
			remoteGlobalIDString = FDE188F923FA628B0039176E;
			remoteInfo = ToDoList;
		};
		FDE1891C23FA628C0039176E /* PBXContainerItemProxy */ = {
			isa = PBXContainerItemProxy;
			containerPortal = FDE188F223FA628B0039176E /* Project object */;
			proxyType = 1;
			remoteGlobalIDString = FDE188F923FA628B0039176E;
			remoteInfo = ToDoList;
		};
/* End PBXContainerItemProxy section */

/* Begin PBXFileReference section */
		FD7935F523FF815500F7910C /* EditViewController.swift */ = {isa = PBXFileReference; lastKnownFileType = sourcecode.swift; path = EditViewController.swift; sourceTree = "<group>"; };
		FDE188FA23FA628B0039176E /* ToDoList.app */ = {isa = PBXFileReference; explicitFileType = wrapper.application; includeInIndex = 0; path = ToDoList.app; sourceTree = BUILT_PRODUCTS_DIR; };
		FDE188FD23FA628B0039176E /* AppDelegate.swift */ = {isa = PBXFileReference; lastKnownFileType = sourcecode.swift; path = AppDelegate.swift; sourceTree = "<group>"; };
		FDE188FF23FA628B0039176E /* SceneDelegate.swift */ = {isa = PBXFileReference; lastKnownFileType = sourcecode.swift; path = SceneDelegate.swift; sourceTree = "<group>"; };
		FDE1890123FA628B0039176E /* ViewController.swift */ = {isa = PBXFileReference; lastKnownFileType = sourcecode.swift; path = ViewController.swift; sourceTree = "<group>"; };
		FDE1890423FA628B0039176E /* Base */ = {isa = PBXFileReference; lastKnownFileType = file.storyboard; name = Base; path = Base.lproj/Main.storyboard; sourceTree = "<group>"; };
		FDE1890623FA628C0039176E /* Assets.xcassets */ = {isa = PBXFileReference; lastKnownFileType = folder.assetcatalog; path = Assets.xcassets; sourceTree = "<group>"; };
		FDE1890923FA628C0039176E /* Base */ = {isa = PBXFileReference; lastKnownFileType = file.storyboard; name = Base; path = Base.lproj/LaunchScreen.storyboard; sourceTree = "<group>"; };
		FDE1890B23FA628C0039176E /* Info.plist */ = {isa = PBXFileReference; lastKnownFileType = text.plist.xml; path = Info.plist; sourceTree = "<group>"; };
		FDE1891023FA628C0039176E /* ToDoListTests.xctest */ = {isa = PBXFileReference; explicitFileType = wrapper.cfbundle; includeInIndex = 0; path = ToDoListTests.xctest; sourceTree = BUILT_PRODUCTS_DIR; };
		FDE1891423FA628C0039176E /* ToDoListTests.swift */ = {isa = PBXFileReference; lastKnownFileType = sourcecode.swift; path = ToDoListTests.swift; sourceTree = "<group>"; };
		FDE1891623FA628C0039176E /* Info.plist */ = {isa = PBXFileReference; lastKnownFileType = text.plist.xml; path = Info.plist; sourceTree = "<group>"; };
		FDE1891B23FA628C0039176E /* ToDoListUITests.xctest */ = {isa = PBXFileReference; explicitFileType = wrapper.cfbundle; includeInIndex = 0; path = ToDoListUITests.xctest; sourceTree = BUILT_PRODUCTS_DIR; };
		FDE1891F23FA628C0039176E /* ToDoListUITests.swift */ = {isa = PBXFileReference; lastKnownFileType = sourcecode.swift; path = ToDoListUITests.swift; sourceTree = "<group>"; };
		FDE1892123FA628C0039176E /* Info.plist */ = {isa = PBXFileReference; lastKnownFileType = text.plist.xml; path = Info.plist; sourceTree = "<group>"; };
		FDE1892D23FA630C0039176E /* ToDoAddViewController.swift */ = {isa = PBXFileReference; lastKnownFileType = sourcecode.swift; path = ToDoAddViewController.swift; sourceTree = "<group>"; };
/* End PBXFileReference section */

/* Begin PBXFrameworksBuildPhase section */
		FDE188F723FA628B0039176E /* Frameworks */ = {
			isa = PBXFrameworksBuildPhase;
			buildActionMask = 2147483647;
			files = (
			);
			runOnlyForDeploymentPostprocessing = 0;
		};
		FDE1890D23FA628C0039176E /* Frameworks */ = {
			isa = PBXFrameworksBuildPhase;
			buildActionMask = 2147483647;
			files = (
			);
			runOnlyForDeploymentPostprocessing = 0;
		};
		FDE1891823FA628C0039176E /* Frameworks */ = {
			isa = PBXFrameworksBuildPhase;
			buildActionMask = 2147483647;
			files = (
			);
			runOnlyForDeploymentPostprocessing = 0;
		};
/* End PBXFrameworksBuildPhase section */

/* Begin PBXGroup section */
		FDE188F123FA628B0039176E = {
			isa = PBXGroup;
			children = (
				FDE188FC23FA628B0039176E /* ToDoList */,
				FDE1891323FA628C0039176E /* ToDoListTests */,
				FDE1891E23FA628C0039176E /* ToDoListUITests */,
				FDE188FB23FA628B0039176E /* Products */,
			);
			sourceTree = "<group>";
		};
		FDE188FB23FA628B0039176E /* Products */ = {
			isa = PBXGroup;
			children = (
				FDE188FA23FA628B0039176E /* ToDoList.app */,
				FDE1891023FA628C0039176E /* ToDoListTests.xctest */,
				FDE1891B23FA628C0039176E /* ToDoListUITests.xctest */,
			);
			name = Products;
			sourceTree = "<group>";
		};
		FDE188FC23FA628B0039176E /* ToDoList */ = {
			isa = PBXGroup;
			children = (
				FDE188FD23FA628B0039176E /* AppDelegate.swift */,
				FDE188FF23FA628B0039176E /* SceneDelegate.swift */,
				FDE1890123FA628B0039176E /* ViewController.swift */,
				FDE1890323FA628B0039176E /* Main.storyboard */,
				FDE1890623FA628C0039176E /* Assets.xcassets */,
				FDE1890823FA628C0039176E /* LaunchScreen.storyboard */,
				FDE1890B23FA628C0039176E /* Info.plist */,
				FDE1892D23FA630C0039176E /* ToDoAddViewController.swift */,
				FD7935F523FF815500F7910C /* EditViewController.swift */,
			);
			path = ToDoList;
			sourceTree = "<group>";
		};
		FDE1891323FA628C0039176E /* ToDoListTests */ = {
			isa = PBXGroup;
			children = (
				FDE1891423FA628C0039176E /* ToDoListTests.swift */,
				FDE1891623FA628C0039176E /* Info.plist */,
			);
			path = ToDoListTests;
			sourceTree = "<group>";
		};
		FDE1891E23FA628C0039176E /* ToDoListUITests */ = {
			isa = PBXGroup;
			children = (
				FDE1891F23FA628C0039176E /* ToDoListUITests.swift */,
				FDE1892123FA628C0039176E /* Info.plist */,
			);
			path = ToDoListUITests;
			sourceTree = "<group>";
		};
/* End PBXGroup section */

/* Begin PBXNativeTarget section */
		FDE188F923FA628B0039176E /* ToDoList */ = {
			isa = PBXNativeTarget;
			buildConfigurationList = FDE1892423FA628C0039176E /* Build configuration list for PBXNativeTarget "ToDoList" */;
			buildPhases = (
				FDE188F623FA628B0039176E /* Sources */,
				FDE188F723FA628B0039176E /* Frameworks */,
				FDE188F823FA628B0039176E /* Resources */,
			);
			buildRules = (
			);
			dependencies = (
			);
			name = ToDoList;
			productName = ToDoList;
			productReference = FDE188FA23FA628B0039176E /* ToDoList.app */;
			productType = "com.apple.product-type.application";
		};
		FDE1890F23FA628C0039176E /* ToDoListTests */ = {
			isa = PBXNativeTarget;
			buildConfigurationList = FDE1892723FA628C0039176E /* Build configuration list for PBXNativeTarget "ToDoListTests" */;
			buildPhases = (
				FDE1890C23FA628C0039176E /* Sources */,
				FDE1890D23FA628C0039176E /* Frameworks */,
				FDE1890E23FA628C0039176E /* Resources */,
			);
			buildRules = (
			);
			dependencies = (
				FDE1891223FA628C0039176E /* PBXTargetDependency */,
			);
			name = ToDoListTests;
			productName = ToDoListTests;
			productReference = FDE1891023FA628C0039176E /* ToDoListTests.xctest */;
			productType = "com.apple.product-type.bundle.unit-test";
		};
		FDE1891A23FA628C0039176E /* ToDoListUITests */ = {
			isa = PBXNativeTarget;
			buildConfigurationList = FDE1892A23FA628C0039176E /* Build configuration list for PBXNativeTarget "ToDoListUITests" */;
			buildPhases = (
				FDE1891723FA628C0039176E /* Sources */,
				FDE1891823FA628C0039176E /* Frameworks */,
				FDE1891923FA628C0039176E /* Resources */,
			);
			buildRules = (
			);
			dependencies = (
				FDE1891D23FA628C0039176E /* PBXTargetDependency */,
			);
			name = ToDoListUITests;
			productName = ToDoListUITests;
			productReference = FDE1891B23FA628C0039176E /* ToDoListUITests.xctest */;
			productType = "com.apple.product-type.bundle.ui-testing";
		};
/* End PBXNativeTarget section */

/* Begin PBXProject section */
		FDE188F223FA628B0039176E /* Project object */ = {
			isa = PBXProject;
			attributes = {
				LastSwiftUpdateCheck = 1130;
				LastUpgradeCheck = 1130;
				ORGANIZATIONNAME = mycompany;
				TargetAttributes = {
					FDE188F923FA628B0039176E = {
						CreatedOnToolsVersion = 11.3.1;
					};
					FDE1890F23FA628C0039176E = {
						CreatedOnToolsVersion = 11.3.1;
						TestTargetID = FDE188F923FA628B0039176E;
					};
					FDE1891A23FA628C0039176E = {
						CreatedOnToolsVersion = 11.3.1;
						TestTargetID = FDE188F923FA628B0039176E;
					};
				};
			};
			buildConfigurationList = FDE188F523FA628B0039176E /* Build configuration list for PBXProject "ToDoList" */;
			compatibilityVersion = "Xcode 9.3";
			developmentRegion = en;
			hasScannedForEncodings = 0;
			knownRegions = (
				en,
				Base,
			);
			mainGroup = FDE188F123FA628B0039176E;
			productRefGroup = FDE188FB23FA628B0039176E /* Products */;
			projectDirPath = "";
			projectRoot = "";
			targets = (
				FDE188F923FA628B0039176E /* ToDoList */,
				FDE1890F23FA628C0039176E /* ToDoListTests */,
				FDE1891A23FA628C0039176E /* ToDoListUITests */,
			);
		};
/* End PBXProject section */

/* Begin PBXResourcesBuildPhase section */
		FDE188F823FA628B0039176E /* Resources */ = {
			isa = PBXResourcesBuildPhase;
			buildActionMask = 2147483647;
			files = (
				FDE1890A23FA628C0039176E /* LaunchScreen.storyboard in Resources */,
				FDE1890723FA628C0039176E /* Assets.xcassets in Resources */,
				FDE1890523FA628B0039176E /* Main.storyboard in Resources */,
			);
			runOnlyForDeploymentPostprocessing = 0;
		};
		FDE1890E23FA628C0039176E /* Resources */ = {
			isa = PBXResourcesBuildPhase;
			buildActionMask = 2147483647;
			files = (
			);
			runOnlyForDeploymentPostprocessing = 0;
		};
		FDE1891923FA628C0039176E /* Resources */ = {
			isa = PBXResourcesBuildPhase;
			buildActionMask = 2147483647;
			files = (
			);
			runOnlyForDeploymentPostprocessing = 0;
		};
/* End PBXResourcesBuildPhase section */

/* Begin PBXSourcesBuildPhase section */
		FDE188F623FA628B0039176E /* Sources */ = {
			isa = PBXSourcesBuildPhase;
			buildActionMask = 2147483647;
			files = (
				FD7935F623FF815500F7910C /* EditViewController.swift in Sources */,
				FDE1892E23FA630C0039176E /* ToDoAddViewController.swift in Sources */,
				FDE1890223FA628B0039176E /* ViewController.swift in Sources */,
				FDE188FE23FA628B0039176E /* AppDelegate.swift in Sources */,
				FDE1890023FA628B0039176E /* SceneDelegate.swift in Sources */,
			);
			runOnlyForDeploymentPostprocessing = 0;
		};
		FDE1890C23FA628C0039176E /* Sources */ = {
			isa = PBXSourcesBuildPhase;
			buildActionMask = 2147483647;
			files = (
				FDE1891523FA628C0039176E /* ToDoListTests.swift in Sources */,
			);
			runOnlyForDeploymentPostprocessing = 0;
		};
		FDE1891723FA628C0039176E /* Sources */ = {
			isa = PBXSourcesBuildPhase;
			buildActionMask = 2147483647;
			files = (
				FDE1892023FA628C0039176E /* ToDoListUITests.swift in Sources */,
			);
			runOnlyForDeploymentPostprocessing = 0;
		};
/* End PBXSourcesBuildPhase section */

/* Begin PBXTargetDependency section */
		FDE1891223FA628C0039176E /* PBXTargetDependency */ = {
			isa = PBXTargetDependency;
			target = FDE188F923FA628B0039176E /* ToDoList */;
			targetProxy = FDE1891123FA628C0039176E /* PBXContainerItemProxy */;
		};
		FDE1891D23FA628C0039176E /* PBXTargetDependency */ = {
			isa = PBXTargetDependency;
			target = FDE188F923FA628B0039176E /* ToDoList */;
			targetProxy = FDE1891C23FA628C0039176E /* PBXContainerItemProxy */;
		};
/* End PBXTargetDependency section */

/* Begin PBXVariantGroup section */
		FDE1890323FA628B0039176E /* Main.storyboard */ = {
			isa = PBXVariantGroup;
			children = (
				FDE1890423FA628B0039176E /* Base */,
			);
			name = Main.storyboard;
			sourceTree = "<group>";
		};
		FDE1890823FA628C0039176E /* LaunchScreen.storyboard */ = {
			isa = PBXVariantGroup;
			children = (
				FDE1890923FA628C0039176E /* Base */,
			);
			name = LaunchScreen.storyboard;
			sourceTree = "<group>";
		};
/* End PBXVariantGroup section */

/* Begin XCBuildConfiguration section */
		FDE1892223FA628C0039176E /* Debug */ = {
			isa = XCBuildConfiguration;
			buildSettings = {
				ALWAYS_SEARCH_USER_PATHS = NO;
				CLANG_ANALYZER_NONNULL = YES;
				CLANG_ANALYZER_NUMBER_OBJECT_CONVERSION = YES_AGGRESSIVE;
				CLANG_CXX_LANGUAGE_STANDARD = "gnu++14";
				CLANG_CXX_LIBRARY = "libc++";
				CLANG_ENABLE_MODULES = YES;
				CLANG_ENABLE_OBJC_ARC = YES;
				CLANG_ENABLE_OBJC_WEAK = YES;
				CLANG_WARN_BLOCK_CAPTURE_AUTORELEASING = YES;
				CLANG_WARN_BOOL_CONVERSION = YES;
				CLANG_WARN_COMMA = YES;
				CLANG_WARN_CONSTANT_CONVERSION = YES;
				CLANG_WARN_DEPRECATED_OBJC_IMPLEMENTATIONS = YES;
				CLANG_WARN_DIRECT_OBJC_ISA_USAGE = YES_ERROR;
				CLANG_WARN_DOCUMENTATION_COMMENTS = YES;
				CLANG_WARN_EMPTY_BODY = YES;
				CLANG_WARN_ENUM_CONVERSION = YES;
				CLANG_WARN_INFINITE_RECURSION = YES;
				CLANG_WARN_INT_CONVERSION = YES;
				CLANG_WARN_NON_LITERAL_NULL_CONVERSION = YES;
				CLANG_WARN_OBJC_IMPLICIT_RETAIN_SELF = YES;
				CLANG_WARN_OBJC_LITERAL_CONVERSION = YES;
				CLANG_WARN_OBJC_ROOT_CLASS = YES_ERROR;
				CLANG_WARN_RANGE_LOOP_ANALYSIS = YES;
				CLANG_WARN_STRICT_PROTOTYPES = YES;
				CLANG_WARN_SUSPICIOUS_MOVE = YES;
				CLANG_WARN_UNGUARDED_AVAILABILITY = YES_AGGRESSIVE;
				CLANG_WARN_UNREACHABLE_CODE = YES;
				CLANG_WARN__DUPLICATE_METHOD_MATCH = YES;
				COPY_PHASE_STRIP = NO;
				DEBUG_INFORMATION_FORMAT = dwarf;
				ENABLE_STRICT_OBJC_MSGSEND = YES;
				ENABLE_TESTABILITY = YES;
				GCC_C_LANGUAGE_STANDARD = gnu11;
				GCC_DYNAMIC_NO_PIC = NO;
				GCC_NO_COMMON_BLOCKS = YES;
				GCC_OPTIMIZATION_LEVEL = 0;
				GCC_PREPROCESSOR_DEFINITIONS = (
					"DEBUG=1",
					"$(inherited)",
				);
				GCC_WARN_64_TO_32_BIT_CONVERSION = YES;
				GCC_WARN_ABOUT_RETURN_TYPE = YES_ERROR;
				GCC_WARN_UNDECLARED_SELECTOR = YES;
				GCC_WARN_UNINITIALIZED_AUTOS = YES_AGGRESSIVE;
				GCC_WARN_UNUSED_FUNCTION = YES;
				GCC_WARN_UNUSED_VARIABLE = YES;
				IPHONEOS_DEPLOYMENT_TARGET = 13.2;
				MTL_ENABLE_DEBUG_INFO = INCLUDE_SOURCE;
				MTL_FAST_MATH = YES;
				ONLY_ACTIVE_ARCH = YES;
				SDKROOT = iphoneos;
				SWIFT_ACTIVE_COMPILATION_CONDITIONS = DEBUG;
				SWIFT_OPTIMIZATION_LEVEL = "-Onone";
			};
			name = Debug;
		};
		FDE1892323FA628C0039176E /* Release */ = {
			isa = XCBuildConfiguration;
			buildSettings = {
				ALWAYS_SEARCH_USER_PATHS = NO;
				CLANG_ANALYZER_NONNULL = YES;
				CLANG_ANALYZER_NUMBER_OBJECT_CONVERSION = YES_AGGRESSIVE;
				CLANG_CXX_LANGUAGE_STANDARD = "gnu++14";
				CLANG_CXX_LIBRARY = "libc++";
				CLANG_ENABLE_MODULES = YES;
				CLANG_ENABLE_OBJC_ARC = YES;
				CLANG_ENABLE_OBJC_WEAK = YES;
				CLANG_WARN_BLOCK_CAPTURE_AUTORELEASING = YES;
				CLANG_WARN_BOOL_CONVERSION = YES;
				CLANG_WARN_COMMA = YES;
				CLANG_WARN_CONSTANT_CONVERSION = YES;
				CLANG_WARN_DEPRECATED_OBJC_IMPLEMENTATIONS = YES;
				CLANG_WARN_DIRECT_OBJC_ISA_USAGE = YES_ERROR;
				CLANG_WARN_DOCUMENTATION_COMMENTS = YES;
				CLANG_WARN_EMPTY_BODY = YES;
				CLANG_WARN_ENUM_CONVERSION = YES;
				CLANG_WARN_INFINITE_RECURSION = YES;
				CLANG_WARN_INT_CONVERSION = YES;
				CLANG_WARN_NON_LITERAL_NULL_CONVERSION = YES;
				CLANG_WARN_OBJC_IMPLICIT_RETAIN_SELF = YES;
				CLANG_WARN_OBJC_LITERAL_CONVERSION = YES;
				CLANG_WARN_OBJC_ROOT_CLASS = YES_ERROR;
				CLANG_WARN_RANGE_LOOP_ANALYSIS = YES;
				CLANG_WARN_STRICT_PROTOTYPES = YES;
				CLANG_WARN_SUSPICIOUS_MOVE = YES;
				CLANG_WARN_UNGUARDED_AVAILABILITY = YES_AGGRESSIVE;
				CLANG_WARN_UNREACHABLE_CODE = YES;
				CLANG_WARN__DUPLICATE_METHOD_MATCH = YES;
				COPY_PHASE_STRIP = NO;
				DEBUG_INFORMATION_FORMAT = "dwarf-with-dsym";
				ENABLE_NS_ASSERTIONS = NO;
				ENABLE_STRICT_OBJC_MSGSEND = YES;
				GCC_C_LANGUAGE_STANDARD = gnu11;
				GCC_NO_COMMON_BLOCKS = YES;
				GCC_WARN_64_TO_32_BIT_CONVERSION = YES;
				GCC_WARN_ABOUT_RETURN_TYPE = YES_ERROR;
				GCC_WARN_UNDECLARED_SELECTOR = YES;
				GCC_WARN_UNINITIALIZED_AUTOS = YES_AGGRESSIVE;
				GCC_WARN_UNUSED_FUNCTION = YES;
				GCC_WARN_UNUSED_VARIABLE = YES;
				IPHONEOS_DEPLOYMENT_TARGET = 13.2;
				MTL_ENABLE_DEBUG_INFO = NO;
				MTL_FAST_MATH = YES;
				SDKROOT = iphoneos;
				SWIFT_COMPILATION_MODE = wholemodule;
				SWIFT_OPTIMIZATION_LEVEL = "-O";
				VALIDATE_PRODUCT = YES;
			};
			name = Release;
		};
		FDE1892523FA628C0039176E /* Debug */ = {
			isa = XCBuildConfiguration;
			buildSettings = {
				ASSETCATALOG_COMPILER_APPICON_NAME = AppIcon;
				CODE_SIGN_STYLE = Automatic;
				INFOPLIST_FILE = ToDoList/Info.plist;
				LD_RUNPATH_SEARCH_PATHS = (
					"$(inherited)",
					"@executable_path/Frameworks",
				);
				PRODUCT_BUNDLE_IDENTIFIER = com.litech.ToDoList;
				PRODUCT_NAME = "$(TARGET_NAME)";
				SWIFT_VERSION = 5.0;
				TARGETED_DEVICE_FAMILY = "1,2";
			};
			name = Debug;
		};
		FDE1892623FA628C0039176E /* Release */ = {
			isa = XCBuildConfiguration;
			buildSettings = {
				ASSETCATALOG_COMPILER_APPICON_NAME = AppIcon;
				CODE_SIGN_STYLE = Automatic;
				INFOPLIST_FILE = ToDoList/Info.plist;
				LD_RUNPATH_SEARCH_PATHS = (
					"$(inherited)",
					"@executable_path/Frameworks",
				);
				PRODUCT_BUNDLE_IDENTIFIER = com.litech.ToDoList;
				PRODUCT_NAME = "$(TARGET_NAME)";
				SWIFT_VERSION = 5.0;
				TARGETED_DEVICE_FAMILY = "1,2";
			};
			name = Release;
		};
		FDE1892823FA628C0039176E /* Debug */ = {
			isa = XCBuildConfiguration;
			buildSettings = {
				ALWAYS_EMBED_SWIFT_STANDARD_LIBRARIES = YES;
				BUNDLE_LOADER = "$(TEST_HOST)";
				CODE_SIGN_STYLE = Automatic;
				INFOPLIST_FILE = ToDoListTests/Info.plist;
				IPHONEOS_DEPLOYMENT_TARGET = 13.2;
				LD_RUNPATH_SEARCH_PATHS = (
					"$(inherited)",
					"@executable_path/Frameworks",
					"@loader_path/Frameworks",
				);
				PRODUCT_BUNDLE_IDENTIFIER = com.litech.ToDoListTests;
				PRODUCT_NAME = "$(TARGET_NAME)";
				SWIFT_VERSION = 5.0;
				TARGETED_DEVICE_FAMILY = "1,2";
				TEST_HOST = "$(BUILT_PRODUCTS_DIR)/ToDoList.app/ToDoList";
			};
			name = Debug;
		};
		FDE1892923FA628C0039176E /* Release */ = {
			isa = XCBuildConfiguration;
			buildSettings = {
				ALWAYS_EMBED_SWIFT_STANDARD_LIBRARIES = YES;
				BUNDLE_LOADER = "$(TEST_HOST)";
				CODE_SIGN_STYLE = Automatic;
				INFOPLIST_FILE = ToDoListTests/Info.plist;
				IPHONEOS_DEPLOYMENT_TARGET = 13.2;
				LD_RUNPATH_SEARCH_PATHS = (
					"$(inherited)",
					"@executable_path/Frameworks",
					"@loader_path/Frameworks",
				);
				PRODUCT_BUNDLE_IDENTIFIER = com.litech.ToDoListTests;
				PRODUCT_NAME = "$(TARGET_NAME)";
				SWIFT_VERSION = 5.0;
				TARGETED_DEVICE_FAMILY = "1,2";
				TEST_HOST = "$(BUILT_PRODUCTS_DIR)/ToDoList.app/ToDoList";
			};
			name = Release;
		};
		FDE1892B23FA628C0039176E /* Debug */ = {
			isa = XCBuildConfiguration;
			buildSettings = {
				ALWAYS_EMBED_SWIFT_STANDARD_LIBRARIES = YES;
				CODE_SIGN_STYLE = Automatic;
				INFOPLIST_FILE = ToDoListUITests/Info.plist;
				LD_RUNPATH_SEARCH_PATHS = (
					"$(inherited)",
					"@executable_path/Frameworks",
					"@loader_path/Frameworks",
				);
				PRODUCT_BUNDLE_IDENTIFIER = com.litech.ToDoListUITests;
				PRODUCT_NAME = "$(TARGET_NAME)";
				SWIFT_VERSION = 5.0;
				TARGETED_DEVICE_FAMILY = "1,2";
				TEST_TARGET_NAME = ToDoList;
			};
			name = Debug;
		};
		FDE1892C23FA628C0039176E /* Release */ = {
			isa = XCBuildConfiguration;
			buildSettings = {
				ALWAYS_EMBED_SWIFT_STANDARD_LIBRARIES = YES;
				CODE_SIGN_STYLE = Automatic;
				INFOPLIST_FILE = ToDoListUITests/Info.plist;
				LD_RUNPATH_SEARCH_PATHS = (
					"$(inherited)",
					"@executable_path/Frameworks",
					"@loader_path/Frameworks",
				);
				PRODUCT_BUNDLE_IDENTIFIER = com.litech.ToDoListUITests;
				PRODUCT_NAME = "$(TARGET_NAME)";
				SWIFT_VERSION = 5.0;
				TARGETED_DEVICE_FAMILY = "1,2";
				TEST_TARGET_NAME = ToDoList;
			};
			name = Release;
		};
/* End XCBuildConfiguration section */

/* Begin XCConfigurationList section */
		FDE188F523FA628B0039176E /* Build configuration list for PBXProject "ToDoList" */ = {
			isa = XCConfigurationList;
			buildConfigurations = (
				FDE1892223FA628C0039176E /* Debug */,
				FDE1892323FA628C0039176E /* Release */,
			);
			defaultConfigurationIsVisible = 0;
			defaultConfigurationName = Release;
		};
		FDE1892423FA628C0039176E /* Build configuration list for PBXNativeTarget "ToDoList" */ = {
			isa = XCConfigurationList;
			buildConfigurations = (
				FDE1892523FA628C0039176E /* Debug */,
				FDE1892623FA628C0039176E /* Release */,
			);
			defaultConfigurationIsVisible = 0;
			defaultConfigurationName = Release;
		};
		FDE1892723FA628C0039176E /* Build configuration list for PBXNativeTarget "ToDoListTests" */ = {
			isa = XCConfigurationList;
			buildConfigurations = (
				FDE1892823FA628C0039176E /* Debug */,
				FDE1892923FA628C0039176E /* Release */,
			);
			defaultConfigurationIsVisible = 0;
			defaultConfigurationName = Release;
		};
		FDE1892A23FA628C0039176E /* Build configuration list for PBXNativeTarget "ToDoListUITests" */ = {
			isa = XCConfigurationList;
			buildConfigurations = (
				FDE1892B23FA628C0039176E /* Debug */,
				FDE1892C23FA628C0039176E /* Release */,
			);
			defaultConfigurationIsVisible = 0;
			defaultConfigurationName = Release;
		};
/* End XCConfigurationList section */
	};
	rootObject = FDE188F223FA628B0039176E /* Project object */;
}
